<?xml version="1.0" encoding="utf-8"?>
<Project ToolsVersion="4.0" xmlns="http://schemas.microsoft.com/developer/msbuild/2003">
  <ItemGroup>
    <Filter Include="Resource Files">
      <UniqueIdentifier>{67DA6AB6-F800-4c08-8B7A-83BB121AAD01}</UniqueIdentifier>
      <Extensions>rc;ico;cur;bmp;dlg;rc2;rct;bin;rgs;gif;jpg;jpeg;jpe;resx;tiff;tif;png;wav;mfcribbon-ms</Extensions>
    </Filter>
    <Filter Include="Header Files">
      <UniqueIdentifier>{e2538209-17d4-488d-be00-67fba9ab5e79}</UniqueIdentifier>
    </Filter>
    <Filter Include="Source Files">
      <UniqueIdentifier>{8c97994c-18f6-4840-bc63-4659bdc4f269}</UniqueIdentifier>
    </Filter>
    <Filter Include="Pedigree Network">
      <UniqueIdentifier>{927172e5-bcf6-4ff7-9bb8-2d85dac1b6b7}</UniqueIdentifier>
    </Filter>
    <Filter Include="Pedigree Network\Header Files">
      <UniqueIdentifier>{75109359-4939-40bd-94eb-4795cfde3ed1}</UniqueIdentifier>
    </Filter>
    <Filter Include="Pedigree Network\Source Files">
      <UniqueIdentifier>{84829d7d-e778-4c7a-acfd-165d222ab098}</UniqueIdentifier>
    </Filter>
  </ItemGroup>
  <ItemGroup>
    <ClInclude Include="RNGController.h">
      <Filter>Header Files</Filter>
    </ClInclude>
    <ClInclude Include="Simulation.h">
      <Filter>Header Files</Filter>
    </ClInclude>
    <ClInclude Include="SimulationManager.h">
      <Filter>Header Files</Filter>
    </ClInclude>
    <ClInclude Include="SimulationManagerFactory.h">
      <Filter>Header Files</Filter>
    </ClInclude>
    <ClInclude Include="Maybe.h">
      <Filter>Header Files</Filter>
    </ClInclude>
    <ClInclude Include="Organism.h">
      <Filter>Header Files</Filter>
    </ClInclude>
    <ClInclude Include="Genotype.h">
      <Filter>Header Files</Filter>
    </ClInclude>
    <ClInclude Include="Breeder.h">
      <Filter>Header Files</Filter>
    </ClInclude>
    <ClInclude Include="Chromosome.h">
      <Filter>Header Files</Filter>
    </ClInclude>
    <ClInclude Include="Locus.h">
      <Filter>Header Files</Filter>
    </ClInclude>
    <ClInclude Include="BreedEventNode.h">
      <Filter>Pedigree Network\Header Files</Filter>
    </ClInclude>
    <ClInclude Include="FounderNode.h">
      <Filter>Pedigree Network\Header Files</Filter>
    </ClInclude>
    <ClInclude Include="PedigreeNode.h">
      <Filter>Pedigree Network\Header Files</Filter>
    </ClInclude>
    <ClInclude Include="Pedigree.h">
      <Filter>Pedigree Network\Header Files</Filter>
    </ClInclude>
    <ClInclude Include="RandomisedBreedEventNode.h">
      <Filter>Pedigree Network\Header Files</Filter>
    </ClInclude>
    <ClInclude Include="OrganismChoicePool.h" />
    <ClInclude Include="ParentSupplier.h">
      <Filter>Pedigree Network\Header Files</Filter>
    </ClInclude>
  </ItemGroup>
  <ItemGroup>
    <ClCompile Include="RNGController.cpp">
      <Filter>Source Files</Filter>
    </ClCompile>
    <ClCompile Include="Simulation.cpp">
      <Filter>Source Files</Filter>
    </ClCompile>
    <ClCompile Include="SimulationManager.cpp">
      <Filter>Source Files</Filter>
    </ClCompile>
    <ClCompile Include="SimulationManagerFactory.cpp">
      <Filter>Source Files</Filter>
    </ClCompile>
    <ClCompile Include="Organism.cpp">
      <Filter>Source Files</Filter>
    </ClCompile>
    <ClCompile Include="Genotype.cpp">
      <Filter>Source Files</Filter>
    </ClCompile>
    <ClCompile Include="Breeder.cpp">
      <Filter>Source Files</Filter>
    </ClCompile>
    <ClCompile Include="Chromosome.cpp">
      <Filter>Source Files</Filter>
    </ClCompile>
    <ClCompile Include="Locus.cpp">
      <Filter>Source Files</Filter>
    </ClCompile>
    <ClCompile Include="Pedigree.cpp">
      <Filter>Pedigree Network\Source Files</Filter>
    </ClCompile>
    <ClCompile Include="RandomisedBreedEventNode.cpp">
      <Filter>Pedigree Network\Source Files</Filter>
    </ClCompile>
    <ClCompile Include="OrganismChoicePool.cpp" />
    <ClCompile Include="ParentSupplier.cpp">
      <Filter>Pedigree Network\Source Files</Filter>
    </ClCompile>
  </ItemGroup>
</Project>