<?xml version="1.0" encoding="utf-8"?>
<Project ToolsVersion="4.0" xmlns="http://schemas.microsoft.com/developer/msbuild/2003">
  <ItemGroup>
    <Filter Include="Resource Files">
      <UniqueIdentifier>{67DA6AB6-F800-4c08-8B7A-83BB121AAD01}</UniqueIdentifier>
      <Extensions>rc;ico;cur;bmp;dlg;rc2;rct;bin;rgs;gif;jpg;jpeg;jpe;resx;tiff;tif;png;wav;mfcribbon-ms</Extensions>
    </Filter>
    <Filter Include="Header Files">
      <UniqueIdentifier>{e2538209-17d4-488d-be00-67fba9ab5e79}</UniqueIdentifier>
    </Filter>
    <Filter Include="Source Files">
      <UniqueIdentifier>{8c97994c-18f6-4840-bc63-4659bdc4f269}</UniqueIdentifier>
    </Filter>
    <Filter Include="Pedigree">
      <UniqueIdentifier>{3441dd2a-4408-4460-b0e8-38f71e19b0d8}</UniqueIdentifier>
    </Filter>
    <Filter Include="Pedigree\Header Files">
      <UniqueIdentifier>{9615d79f-1dec-477c-80d8-3d47a330fea4}</UniqueIdentifier>
    </Filter>
    <Filter Include="Pedigree\Source Files">
      <UniqueIdentifier>{1977f631-4d93-4d75-952f-5c9dccb15950}</UniqueIdentifier>
    </Filter>
  </ItemGroup>
  <ItemGroup>
    <ClInclude Include="RNGController.h">
      <Filter>Header Files</Filter>
    </ClInclude>
    <ClInclude Include="Organism.h">
      <Filter>Header Files</Filter>
    </ClInclude>
    <ClInclude Include="Genotype.h">
      <Filter>Header Files</Filter>
    </ClInclude>
    <ClInclude Include="Breeder.h">
      <Filter>Header Files</Filter>
    </ClInclude>
    <ClInclude Include="Chromosome.h">
      <Filter>Header Files</Filter>
    </ClInclude>
    <ClInclude Include="Locus.h">
      <Filter>Header Files</Filter>
    </ClInclude>
    <ClInclude Include="State.h">
      <Filter>Pedigree\Header Files</Filter>
    </ClInclude>
    <ClInclude Include="Cross.h">
      <Filter>Pedigree\Header Files</Filter>
    </ClInclude>
    <ClInclude Include="OutputMaker.h">
      <Filter>Header Files</Filter>
    </ClInclude>
    <ClInclude Include="SimulationManager.h">
      <Filter>Header Files</Filter>
    </ClInclude>
    <ClInclude Include="Pedigree.h">
      <Filter>Pedigree\Header Files</Filter>
    </ClInclude>
    <ClInclude Include="OrganismSpecifier.h">
      <Filter>Header Files</Filter>
    </ClInclude>
  </ItemGroup>
  <ItemGroup>
    <ClCompile Include="RNGController.cpp">
      <Filter>Source Files</Filter>
    </ClCompile>
    <ClCompile Include="Organism.cpp">
      <Filter>Source Files</Filter>
    </ClCompile>
    <ClCompile Include="Genotype.cpp">
      <Filter>Source Files</Filter>
    </ClCompile>
    <ClCompile Include="Breeder.cpp">
      <Filter>Source Files</Filter>
    </ClCompile>
    <ClCompile Include="Chromosome.cpp">
      <Filter>Source Files</Filter>
    </ClCompile>
    <ClCompile Include="Locus.cpp">
      <Filter>Source Files</Filter>
    </ClCompile>
    <ClCompile Include="State.cpp">
      <Filter>Pedigree\Source Files</Filter>
    </ClCompile>
    <ClCompile Include="Cross.cpp">
      <Filter>Pedigree\Source Files</Filter>
    </ClCompile>
    <ClCompile Include="OutputMaker.cpp">
      <Filter>Source Files</Filter>
    </ClCompile>
    <ClCompile Include="SimulationManager.cpp">
      <Filter>Source Files</Filter>
    </ClCompile>
    <ClCompile Include="Pedigree.cpp">
      <Filter>Pedigree\Source Files</Filter>
    </ClCompile>
    <ClCompile Include="OrganismSpecifier.cpp">
      <Filter>Source Files</Filter>
    </ClCompile>
  </ItemGroup>
</Project>